
Microsoft Visual Studio Solution File, Format Version 12.00
# Visual Studio 15
VisualStudioVersion = 15.0.26228.12
MinimumVisualStudioVersion = 10.0.40219.1
Project("{FAE04EC0-301F-11D3-BF4B-00C04F79EFBC}") = "IronyExplorer.Samples", "src\IronyExplorer.Samples\IronyExplorer.Samples.csproj", "{A2C2B55F-4E92-4954-AD7E-521636845B36}"
EndProject
Project("{FAE04EC0-301F-11D3-BF4B-00C04F79EFBC}") = "IronyExplorer.GrammarExplorer", "src\IronyExplorer.GrammarExplorer\IronyExplorer.GrammarExplorer.csproj", "{BA6C3D6A-9240-45FD-A63B-506EE43A5CA6}"
EndProject
Global
	GlobalSection(SolutionConfigurationPlatforms) = preSolution
		Debug|Any CPU = Debug|Any CPU
		Release|Any CPU = Release|Any CPU
	EndGlobalSection
	GlobalSection(ProjectConfigurationPlatforms) = postSolution
		{A2C2B55F-4E92-4954-AD7E-521636845B36}.Debug|Any CPU.ActiveCfg = Debug|Any CPU
		{A2C2B55F-4E92-4954-AD7E-521636845B36}.Debug|Any CPU.Build.0 = Debug|Any CPU
		{A2C2B55F-4E92-4954-AD7E-521636845B36}.Release|Any CPU.ActiveCfg = Release|Any CPU
		{A2C2B55F-4E92-4954-AD7E-521636845B36}.Release|Any CPU.Build.0 = Release|Any CPU
		{BA6C3D6A-9240-45FD-A63B-506EE43A5CA6}.Debug|Any CPU.ActiveCfg = Debug|Any CPU
		{BA6C3D6A-9240-45FD-A63B-506EE43A5CA6}.Debug|Any CPU.Build.0 = Debug|Any CPU
		{BA6C3D6A-9240-45FD-A63B-506EE43A5CA6}.Release|Any CPU.ActiveCfg = Release|Any CPU
		{BA6C3D6A-9240-45FD-A63B-506EE43A5CA6}.Release|Any CPU.Build.0 = Release|Any CPU
	EndGlobalSection
	GlobalSection(SolutionProperties) = preSolution
		HideSolutionNode = FALSE
	EndGlobalSection
EndGlobal
